<Solution>
  <Project Path="Baseera.Api/Baseera.Api.csproj" />
  <Project Path="Baseera.Core/Baseera.Core.csproj" />
  <Project Path="Baseera.Domain/Baseera.Domain.csproj" />
  <Project Path="Baseera.Infrastructure/Baseera.Infrastructure.csproj" />
  <Project Path="Baseera.Service/Baseera.Service.csproj" />
</Solution>
